NeoBundleLock gist-vim 5835a3932ae5b4a9a4496c42e829440bae4094ab
NeoBundleLock neobundle.vim 816d21d99a071cc86ba2ffbb4679dde3b764bed7
NeoBundleLock neomru.vim 5835a3932ae5b4a9a4496c42e829440bae4094ab
NeoBundleLock nerdtree 5835a3932ae5b4a9a4496c42e829440bae4094ab
NeoBundleLock previm 5835a3932ae5b4a9a4496c42e829440bae4094ab
NeoBundleLock unite.vim 5835a3932ae5b4a9a4496c42e829440bae4094ab
NeoBundleLock vim-autoclose 5835a3932ae5b4a9a4496c42e829440bae4094ab
NeoBundleLock vim-quickrun 5835a3932ae5b4a9a4496c42e829440bae4094ab
NeoBundleLock vimproc 5835a3932ae5b4a9a4496c42e829440bae4094ab
NeoBundleLock webapi-vim 5835a3932ae5b4a9a4496c42e829440bae4094ab
